
Microsoft Visual Studio Solution File, Format Version 12.00
# Visual Studio Version 17
VisualStudioVersion = 17.14.36429.23 d17.14
MinimumVisualStudioVersion = 10.0.40219.1
Project("{FAE04EC0-301F-11D3-BF4B-00C04F79EFBC}") = "ejercicioTelegrama", "ejercicioTelegrama\ejercicioTelegrama.csproj", "{382C0539-A664-4069-8D96-9FFC9D5307CA}"
EndProject
Global
	GlobalSection(SolutionConfigurationPlatforms) = preSolution
		Debug|Any CPU = Debug|Any CPU
		Release|Any CPU = Release|Any CPU
	EndGlobalSection
	GlobalSection(ProjectConfigurationPlatforms) = postSolution
		{382C0539-A664-4069-8D96-9FFC9D5307CA}.Debug|Any CPU.ActiveCfg = Debug|Any CPU
		{382C0539-A664-4069-8D96-9FFC9D5307CA}.Debug|Any CPU.Build.0 = Debug|Any CPU
		{382C0539-A664-4069-8D96-9FFC9D5307CA}.Release|Any CPU.ActiveCfg = Release|Any CPU
		{382C0539-A664-4069-8D96-9FFC9D5307CA}.Release|Any CPU.Build.0 = Release|Any CPU
	EndGlobalSection
	GlobalSection(SolutionProperties) = preSolution
		HideSolutionNode = FALSE
	EndGlobalSection
	GlobalSection(ExtensibilityGlobals) = postSolution
		SolutionGuid = {AC1A9ECB-EED8-4CC2-8964-8EC4DB9ACA2F}
	EndGlobalSection
EndGlobal
